
Microsoft Visual Studio Solution File, Format Version 12.00
# Visual Studio 14
VisualStudioVersion = 14.0.25420.1
MinimumVisualStudioVersion = 10.0.40219.1
Project("{FAE04EC0-301F-11D3-BF4B-00C04F79EFBC}") = "SportsStore.Domain", "SportsStore.Domain\SportsStore.Domain.csproj", "{D73326E5-8066-4656-BAF2-C3FDD48530E0}"
EndProject
Project("{FAE04EC0-301F-11D3-BF4B-00C04F79EFBC}") = "SportsStore.WebUI", "SportsStore.WebUI\SportsStore.WebUI.csproj", "{A54938D7-4580-4816-8124-3727AA1A37AD}"
EndProject
Project("{FAE04EC0-301F-11D3-BF4B-00C04F79EFBC}") = "SportsStore.UnitTests", "SportsSrore.UnitTests\SportsStore.UnitTests.csproj", "{E5AE6DDB-1DD7-4599-9E0F-456701B9A36F}"
EndProject
Global
	GlobalSection(SolutionConfigurationPlatforms) = preSolution
		Debug|Any CPU = Debug|Any CPU
		Release|Any CPU = Release|Any CPU
	EndGlobalSection
	GlobalSection(ProjectConfigurationPlatforms) = postSolution
		{D73326E5-8066-4656-BAF2-C3FDD48530E0}.Debug|Any CPU.ActiveCfg = Debug|Any CPU
		{D73326E5-8066-4656-BAF2-C3FDD48530E0}.Debug|Any CPU.Build.0 = Debug|Any CPU
		{D73326E5-8066-4656-BAF2-C3FDD48530E0}.Release|Any CPU.ActiveCfg = Release|Any CPU
		{D73326E5-8066-4656-BAF2-C3FDD48530E0}.Release|Any CPU.Build.0 = Release|Any CPU
		{A54938D7-4580-4816-8124-3727AA1A37AD}.Debug|Any CPU.ActiveCfg = Debug|Any CPU
		{A54938D7-4580-4816-8124-3727AA1A37AD}.Debug|Any CPU.Build.0 = Debug|Any CPU
		{A54938D7-4580-4816-8124-3727AA1A37AD}.Release|Any CPU.ActiveCfg = Release|Any CPU
		{A54938D7-4580-4816-8124-3727AA1A37AD}.Release|Any CPU.Build.0 = Release|Any CPU
		{E5AE6DDB-1DD7-4599-9E0F-456701B9A36F}.Debug|Any CPU.ActiveCfg = Debug|Any CPU
		{E5AE6DDB-1DD7-4599-9E0F-456701B9A36F}.Debug|Any CPU.Build.0 = Debug|Any CPU
		{E5AE6DDB-1DD7-4599-9E0F-456701B9A36F}.Release|Any CPU.ActiveCfg = Release|Any CPU
		{E5AE6DDB-1DD7-4599-9E0F-456701B9A36F}.Release|Any CPU.Build.0 = Release|Any CPU
	EndGlobalSection
	GlobalSection(SolutionProperties) = preSolution
		HideSolutionNode = FALSE
	EndGlobalSection
EndGlobal
